
Microsoft Visual Studio Solution File, Format Version 12.00
# Visual Studio 15
VisualStudioVersion = 15.0.28307.757
MinimumVisualStudioVersion = 10.0.40219.1
Project("{FAE04EC0-301F-11D3-BF4B-00C04F79EFBC}") = "SoilMuseum", "SoilMuseum\SoilMuseum.csproj", "{65351BE0-23D3-4DDD-AAAF-CC02744FCE29}"
EndProject
Project("{2150E333-8FDC-42A3-9474-1A3956D46DE8}") = "NewFolder1", "NewFolder1", "{417F8D40-2C27-4D76-ABB0-098B4CD1384D}"
EndProject
Global
	GlobalSection(SolutionConfigurationPlatforms) = preSolution
		Debug|Any CPU = Debug|Any CPU
		Release|Any CPU = Release|Any CPU
	EndGlobalSection
	GlobalSection(ProjectConfigurationPlatforms) = postSolution
		{65351BE0-23D3-4DDD-AAAF-CC02744FCE29}.Debug|Any CPU.ActiveCfg = Debug|Any CPU
		{65351BE0-23D3-4DDD-AAAF-CC02744FCE29}.Debug|Any CPU.Build.0 = Debug|Any CPU
		{65351BE0-23D3-4DDD-AAAF-CC02744FCE29}.Release|Any CPU.ActiveCfg = Release|Any CPU
		{65351BE0-23D3-4DDD-AAAF-CC02744FCE29}.Release|Any CPU.Build.0 = Release|Any CPU
	EndGlobalSection
	GlobalSection(SolutionProperties) = preSolution
		HideSolutionNode = FALSE
	EndGlobalSection
	GlobalSection(ExtensibilityGlobals) = postSolution
		SolutionGuid = {46438C65-C60A-40D4-9F0C-8CEC9525E491}
	EndGlobalSection
EndGlobal
